lockfileVersion: '9.0'

settings:
  autoInstallPeers: true
  excludeLinksFromLockfile: false

importers:

  .:
    dependencies:
      '@types/inquirer':
        specifier: ^9.0.7
        version: 9.0.7
      commander:
        specifier: ^12.0.0
        version: 12.0.0
      inquirer:
        specifier: ^10.1.7
        version: 10.1.7
    devDependencies:
      '@types/node':
        specifier: ^20.11.20
        version: 20.11.20
      typescript:
        specifier: ^5.3.3
        version: 5.3.3

packages:

  '@inquirer/checkbox@2.4.6':
    resolution: {integrity: sha512-PvTeflvpyZMknHBVh9g9GPaffO/zyHcLk2i2HQN7q79SN1e0Tq2orAVzLAaZR1E5YDAdOB94znJurxzY/0HbFg==}
    engines: {node: '>=18'}

  '@inquirer/confirm@3.1.21':
    resolution: {integrity: sha512-v4O/jX5b6nm7Kxf9Gn/pjIz8RzGp1e8paFTl2GuMGL2OIWcaR9fx1HhkB8CnHZrGo3J7scLwSsgTK1fG8olxZA==}
    engines: {node: '>=18'}

  '@inquirer/core@9.0.9':
    resolution: {integrity: sha512-mvQmOz1hf5dtvY+bpVK22YiwLxn5arEhykSt1IWT5GS7ojgqKLSE9P8WXI4fPimtC0ggmnf0bVbKtERlIZkV0g==}
    engines: {node: '>=18'}

  '@inquirer/editor@2.1.21':
    resolution: {integrity: sha512-p5JYfAmEA6nqqDVCX0Cuu6EACA6/qejVBVataMew29mld3mtBWXy1g29Co86UMDQIiHA4HpOkH0hQGHlOvbGSw==}
    engines: {node: '>=18'}

  '@inquirer/expand@2.1.21':
    resolution: {integrity: sha512-SxoD3mM2UwS/ovRixXic9Aav84K9+zDXD54stIGxbNZ7AryJHtudQteXw73kFTlsZCH9AhHC1TmMyakpRiAhGw==}
    engines: {node: '>=18'}

  '@inquirer/figures@1.0.5':
    resolution: {integrity: sha512-79hP/VWdZ2UVc9bFGJnoQ/lQMpL74mGgzSYX1xUqCVk7/v73vJCMw1VuyWN1jGkZ9B3z7THAbySqGbCNefcjfA==}
    engines: {node: '>=18'}

  '@inquirer/input@2.2.8':
    resolution: {integrity: sha512-DoLuc+DIJVZiDIn01hUQrxpPHF7MuE1bGfhxVfPWQDVFIqCoFQEmiUqMLx7zv4/pFArykY9j+i3uLUIOWqk+xg==}
    engines: {node: '>=18'}

  '@inquirer/number@1.0.9':
    resolution: {integrity: sha512-F5JqBCPnJTlLlZavRL15jGAtCXZGQiT64IMe2iOtcVIHQYYWecs5FpyqfkIDqvuOCyd4XgWPVmjeW+FssGEwFw==}
    engines: {node: '>=18'}

  '@inquirer/password@2.1.21':
    resolution: {integrity: sha512-kaz2jtA4xp3Y4J+weEs/gTppEBRjY82pIAWz1ycU23f+Blrv8enK2d58H4sv2dvzHtsOAcRE+rF2OXkdseQuTQ==}
    engines: {node: '>=18'}

  '@inquirer/prompts@5.3.7':
    resolution: {integrity: sha512-rGXU6k1Vcf1Jn3tcMTKfxCNTkWhwS9moOCTGerWG1fLtjv94/ug+ZLuqp5tq5MBjSuxFIaFfNFSD8mQn24OnIw==}
    engines: {node: '>=18'}

  '@inquirer/rawlist@2.2.3':
    resolution: {integrity: sha512-qEqDLgCJ5jIJVAo1BpJBmqJunX6HDlhbQFMsufMH2/v3T4IeNCXTGgDG0xu7qwaPfw92c1VMP64BSQJYYvKoPA==}
    engines: {node: '>=18'}

  '@inquirer/search@1.0.6':
    resolution: {integrity: sha512-dZ2zOsIHPo0NgUVfvYuC6aMqAq3mcGn/XPrMXjlQhoNtsN8/pR5BmavqSmlgQo9ZY25VXF3qohWX/JzBYxHypA==}
    engines: {node: '>=18'}

  '@inquirer/select@2.4.6':
    resolution: {integrity: sha512-fjcZQGyIviUBQ0Msoyf92vCmmN7Xv99vzPoybhLGBCM4cCz+l/U3p2++F7/xDJwvH70YHcvWrk8aN7STmrHMsQ==}
    engines: {node: '>=18'}

  '@inquirer/type@1.5.2':
    resolution: {integrity: sha512-w9qFkumYDCNyDZmNQjf/n6qQuvQ4dMC3BJesY4oF+yr0CxR5vxujflAVeIcS6U336uzi9GM0kAfZlLrZ9UTkpA==}
    engines: {node: '>=18'}

  '@types/inquirer@9.0.7':
    resolution: {integrity: sha512-Q0zyBupO6NxGRZut/JdmqYKOnN95Eg5V8Csg3PGKkP+FnvsUZx1jAyK7fztIszxxMuoBA6E3KXWvdZVXIpx60g==}

  '@types/mute-stream@0.0.4':
    resolution: {integrity: sha512-CPM9nzrCPPJHQNA9keH9CVkVI+WR5kMa+7XEs5jcGQ0VoAGnLv242w8lIVgwAEfmE4oufJRaTc9PNLQl0ioAow==}

  '@types/node@20.11.20':
    resolution: {integrity: sha512-7/rR21OS+fq8IyHTgtLkDK949uzsa6n8BkziAKtPVpugIkO6D+/ooXMvzXxDnZrmtXVfjb1bKQafYpb8s89LOg==}

  '@types/node@22.1.0':
    resolution: {integrity: sha512-AOmuRF0R2/5j1knA3c6G3HOk523Ga+l+ZXltX8SF1+5oqcXijjfTd8fY3XRZqSihEu9XhtQnKYLmkFaoxgsJHw==}

  '@types/through@0.0.33':
    resolution: {integrity: sha512-HsJ+z3QuETzP3cswwtzt2vEIiHBk/dCcHGhbmG5X3ecnwFD/lPrMpliGXxSCg03L9AhrdwA4Oz/qfspkDW+xGQ==}

  '@types/wrap-ansi@3.0.0':
    resolution: {integrity: sha512-ltIpx+kM7g/MLRZfkbL7EsCEjfzCcScLpkg37eXEtx5kmrAKBkTJwd1GIAjDSL8wTpM6Hzn5YO4pSb91BEwu1g==}

  ansi-escapes@4.3.2:
    resolution: {integrity: sha512-gKXj5ALrKWQLsYG9jlTRmR/xKluxHV+Z9QEwNIgCfM1/uwPMCuzVVnh5mwTd+OuBZcwSIMbqssNWRm1lE51QaQ==}
    engines: {node: '>=8'}

  ansi-regex@5.0.1:
    resolution: {integrity: sha512-quJQXlTSUGL2LH9SUXo8VwsY4soanhgo6LNSm84E1LBcE8s3O0wpdiRzyR9z/ZZJMlMWv37qOOb9pdJlMUEKFQ==}
    engines: {node: '>=8'}

  ansi-styles@4.3.0:
    resolution: {integrity: sha512-zbB9rCJAT1rbjiVDb2hqKFHNYLxgtk8NURxZ3IZwD3F6NtxbXZQCnnSi1Lkx+IDohdPlFp222wVALIheZJQSEg==}
    engines: {node: '>=8'}

  chardet@0.7.0:
    resolution: {integrity: sha512-mT8iDcrh03qDGRRmoA2hmBJnxpllMR+0/0qlzjqZES6NdiWDcZkCNAk4rPFZ9Q85r27unkiNNg8ZOiwZXBHwcA==}

  cli-spinners@2.9.2:
    resolution: {integrity: sha512-ywqV+5MmyL4E7ybXgKys4DugZbX0FC6LnwrhjuykIjnK9k8OQacQ7axGKnjDXWNhns0xot3bZI5h55H8yo9cJg==}
    engines: {node: '>=6'}

  cli-width@4.1.0:
    resolution: {integrity: sha512-ouuZd4/dm2Sw5Gmqy6bGyNNNe1qt9RpmxveLSO7KcgsTnU7RXfsw+/bukWGo1abgBiMAic068rclZsO4IWmmxQ==}
    engines: {node: '>= 12'}

  color-convert@2.0.1:
    resolution: {integrity: sha512-RRECPsj7iu/xb5oKYcsFHSppFNnsj/52OVTRKb4zP5onXwVF3zVmmToNcOfGC+CRDpfK/U584fMg38ZHCaElKQ==}
    engines: {node: '>=7.0.0'}

  color-name@1.1.4:
    resolution: {integrity: sha512-dOy+3AuW3a2wNbZHIuMZpTcgjGuLU/uBL/ubcZF9OXbDo8ff4O8yVp5Bf0efS8uEoYo5q4Fx7dY9OgQGXgAsQA==}

  commander@12.0.0:
    resolution: {integrity: sha512-MwVNWlYjDTtOjX5PiD7o5pK0UrFU/OYgcJfjjK4RaHZETNtjJqrZa9Y9ds88+A+f+d5lv+561eZ+yCKoS3gbAA==}
    engines: {node: '>=18'}

  emoji-regex@8.0.0:
    resolution: {integrity: sha512-MSjYzcWNOA0ewAHpz0MxpYFvwg6yjy1NG3xteoqz644VCo/RPgnr1/GGt+ic3iJTzQ8Eu3TdM14SawnVUmGE6A==}

  external-editor@3.1.0:
    resolution: {integrity: sha512-hMQ4CX1p1izmuLYyZqLMO/qGNw10wSv9QDCPfzXfyFrOaCSSoRfqE1Kf1s5an66J5JZC62NewG+mK49jOCtQew==}
    engines: {node: '>=4'}

  iconv-lite@0.4.24:
    resolution: {integrity: sha512-v3MXnZAcvnywkTUEZomIActle7RXXeedOR31wwl7VlyoXO4Qi9arvSenNQWne1TcRwhCL1HwLI21bEqdpj8/rA==}
    engines: {node: '>=0.10.0'}

  inquirer@10.1.7:
    resolution: {integrity: sha512-GFlmyLseYNfArEihk9ufjmnVJGDrZIv+zh8Qai2LaYH7g9yqHftR0BQqo3rW1Dmjivj4VYL7+WE7GtxG6rAUnQ==}
    engines: {node: '>=18'}

  is-fullwidth-code-point@3.0.0:
    resolution: {integrity: sha512-zymm5+u+sCsSWyD9qNaejV3DFvhCKclKdizYaJUuHA83RLjb7nSuGnddCHGv0hk+KY7BMAlsWeK4Ueg6EV6XQg==}
    engines: {node: '>=8'}

  mute-stream@1.0.0:
    resolution: {integrity: sha512-avsJQhyd+680gKXyG/sQc0nXaC6rBkPOfyHYcFb9+hdkqQkR9bdnkJ0AMZhke0oesPqIO+mFFJ+IdBc7mst4IA==}
    engines: {node: ^14.17.0 || ^16.13.0 || >=18.0.0}

  os-tmpdir@1.0.2:
    resolution: {integrity: sha512-D2FR03Vir7FIu45XBY20mTb+/ZSWB00sjU9jdQXt83gDrI4Ztz5Fs7/yy74g2N5SVQY4xY1qDr4rNddwYRVX0g==}
    engines: {node: '>=0.10.0'}

  run-async@3.0.0:
    resolution: {integrity: sha512-540WwVDOMxA6dN6We19EcT9sc3hkXPw5mzRNGM3FkdN/vtE9NFvj5lFAPNwUDmJjXidm3v7TC1cTE7t17Ulm1Q==}
    engines: {node: '>=0.12.0'}

  rxjs@7.8.1:
    resolution: {integrity: sha512-AA3TVj+0A2iuIoQkWEK/tqFjBq2j+6PO6Y0zJcvzLAFhEFIO3HL0vls9hWLncZbAAbK0mar7oZ4V079I/qPMxg==}

  safer-buffer@2.1.2:
    resolution: {integrity: sha512-YZo3K82SD7Riyi0E1EQPojLz7kpepnSQI9IyPbHHg1XXXevb5dJI7tpyN2ADxGcQbHG7vcyRHk0cbwqcQriUtg==}

  signal-exit@4.1.0:
    resolution: {integrity: sha512-bzyZ1e88w9O1iNJbKnOlvYTrWPDl46O1bG0D3XInv+9tkPrxrN8jUUTiFlDkkmKWgn1M6CfIA13SuGqOa9Korw==}
    engines: {node: '>=14'}

  string-width@4.2.3:
    resolution: {integrity: sha512-wKyQRQpjJ0sIp62ErSZdGsjMJWsap5oRNihHhu6G7JVO/9jIB6UyevL+tXuOqrng8j/cxKTWyWUwvSTriiZz/g==}
    engines: {node: '>=8'}

  strip-ansi@6.0.1:
    resolution: {integrity: sha512-Y38VPSHcqkFrCpFnQ9vuSXmquuv5oXOKpGeT6aGrr3o3Gc9AlVa6JBfUSOCnbxGGZF+/0ooI7KrPuUSztUdU5A==}
    engines: {node: '>=8'}

  tmp@0.0.33:
    resolution: {integrity: sha512-jRCJlojKnZ3addtTOjdIqoRuPEKBvNXcGYqzO6zWZX8KfKEpnGY5jfggJQ3EjKuu8D4bJRr0y+cYJFmYbImXGw==}
    engines: {node: '>=0.6.0'}

  tslib@2.6.3:
    resolution: {integrity: sha512-xNvxJEOUiWPGhUuUdQgAJPKOOJfGnIyKySOc09XkKsgdUV/3E2zvwZYdejjmRgPCgcym1juLH3226yA7sEFJKQ==}

  type-fest@0.21.3:
    resolution: {integrity: sha512-t0rzBq87m3fVcduHDUFhKmyyX+9eo6WQjZvf51Ea/M0Q7+T374Jp1aUiyUl0GKxp8M/OETVHSDvmkyPgvX+X2w==}
    engines: {node: '>=10'}

  typescript@5.3.3:
    resolution: {integrity: sha512-pXWcraxM0uxAS+tN0AG/BF2TyqmHO014Z070UsJ+pFvYuRSq8KH8DmWpnbXe0pEPDHXZV3FcAbJkijJ5oNEnWw==}
    engines: {node: '>=14.17'}
    hasBin: true

  undici-types@5.26.5:
    resolution: {integrity: sha512-JlCMO+ehdEIKqlFxk6IfVoAUVmgz7cU7zD/h9XZ0qzeosSHmUJVOzSQvvYSYWXkFXC+IfLKSIffhv0sVZup6pA==}

  undici-types@6.13.0:
    resolution: {integrity: sha512-xtFJHudx8S2DSoujjMd1WeWvn7KKWFRESZTMeL1RptAYERu29D6jphMjjY+vn96jvN3kVPDNxU/E13VTaXj6jg==}

  wrap-ansi@6.2.0:
    resolution: {integrity: sha512-r6lPcBGxZXlIcymEu7InxDMhdW0KDxpLgoFLcguasxCaJ/SOIZwINatK9KY/tf+ZrlywOKU0UDj3ATXUBfxJXA==}
    engines: {node: '>=8'}

  yoctocolors-cjs@2.1.2:
    resolution: {integrity: sha512-cYVsTjKl8b+FrnidjibDWskAv7UKOfcwaVZdp/it9n1s9fU3IkgDbhdIRKCW4JDsAlECJY0ytoVPT3sK6kideA==}
    engines: {node: '>=18'}

snapshots:

  '@inquirer/checkbox@2.4.6':
    dependencies:
      '@inquirer/core': 9.0.9
      '@inquirer/figures': 1.0.5
      '@inquirer/type': 1.5.2
      ansi-escapes: 4.3.2
      yoctocolors-cjs: 2.1.2

  '@inquirer/confirm@3.1.21':
    dependencies:
      '@inquirer/core': 9.0.9
      '@inquirer/type': 1.5.2

  '@inquirer/core@9.0.9':
    dependencies:
      '@inquirer/figures': 1.0.5
      '@inquirer/type': 1.5.2
      '@types/mute-stream': 0.0.4
      '@types/node': 22.1.0
      '@types/wrap-ansi': 3.0.0
      ansi-escapes: 4.3.2
      cli-spinners: 2.9.2
      cli-width: 4.1.0
      mute-stream: 1.0.0
      signal-exit: 4.1.0
      strip-ansi: 6.0.1
      wrap-ansi: 6.2.0
      yoctocolors-cjs: 2.1.2

  '@inquirer/editor@2.1.21':
    dependencies:
      '@inquirer/core': 9.0.9
      '@inquirer/type': 1.5.2
      external-editor: 3.1.0

  '@inquirer/expand@2.1.21':
    dependencies:
      '@inquirer/core': 9.0.9
      '@inquirer/type': 1.5.2
      yoctocolors-cjs: 2.1.2

  '@inquirer/figures@1.0.5': {}

  '@inquirer/input@2.2.8':
    dependencies:
      '@inquirer/core': 9.0.9
      '@inquirer/type': 1.5.2

  '@inquirer/number@1.0.9':
    dependencies:
      '@inquirer/core': 9.0.9
      '@inquirer/type': 1.5.2

  '@inquirer/password@2.1.21':
    dependencies:
      '@inquirer/core': 9.0.9
      '@inquirer/type': 1.5.2
      ansi-escapes: 4.3.2

  '@inquirer/prompts@5.3.7':
    dependencies:
      '@inquirer/checkbox': 2.4.6
      '@inquirer/confirm': 3.1.21
      '@inquirer/editor': 2.1.21
      '@inquirer/expand': 2.1.21
      '@inquirer/input': 2.2.8
      '@inquirer/number': 1.0.9
      '@inquirer/password': 2.1.21
      '@inquirer/rawlist': 2.2.3
      '@inquirer/search': 1.0.6
      '@inquirer/select': 2.4.6

  '@inquirer/rawlist@2.2.3':
    dependencies:
      '@inquirer/core': 9.0.9
      '@inquirer/type': 1.5.2
      yoctocolors-cjs: 2.1.2

  '@inquirer/search@1.0.6':
    dependencies:
      '@inquirer/core': 9.0.9
      '@inquirer/figures': 1.0.5
      '@inquirer/type': 1.5.2
      yoctocolors-cjs: 2.1.2

  '@inquirer/select@2.4.6':
    dependencies:
      '@inquirer/core': 9.0.9
      '@inquirer/figures': 1.0.5
      '@inquirer/type': 1.5.2
      ansi-escapes: 4.3.2
      yoctocolors-cjs: 2.1.2

  '@inquirer/type@1.5.2':
    dependencies:
      mute-stream: 1.0.0

  '@types/inquirer@9.0.7':
    dependencies:
      '@types/through': 0.0.33
      rxjs: 7.8.1

  '@types/mute-stream@0.0.4':
    dependencies:
      '@types/node': 20.11.20

  '@types/node@20.11.20':
    dependencies:
      undici-types: 5.26.5

  '@types/node@22.1.0':
    dependencies:
      undici-types: 6.13.0

  '@types/through@0.0.33':
    dependencies:
      '@types/node': 20.11.20

  '@types/wrap-ansi@3.0.0': {}

  ansi-escapes@4.3.2:
    dependencies:
      type-fest: 0.21.3

  ansi-regex@5.0.1: {}

  ansi-styles@4.3.0:
    dependencies:
      color-convert: 2.0.1

  chardet@0.7.0: {}

  cli-spinners@2.9.2: {}

  cli-width@4.1.0: {}

  color-convert@2.0.1:
    dependencies:
      color-name: 1.1.4

  color-name@1.1.4: {}

  commander@12.0.0: {}

  emoji-regex@8.0.0: {}

  external-editor@3.1.0:
    dependencies:
      chardet: 0.7.0
      iconv-lite: 0.4.24
      tmp: 0.0.33

  iconv-lite@0.4.24:
    dependencies:
      safer-buffer: 2.1.2

  inquirer@10.1.7:
    dependencies:
      '@inquirer/prompts': 5.3.7
      '@inquirer/type': 1.5.2
      '@types/mute-stream': 0.0.4
      ansi-escapes: 4.3.2
      mute-stream: 1.0.0
      run-async: 3.0.0
      rxjs: 7.8.1

  is-fullwidth-code-point@3.0.0: {}

  mute-stream@1.0.0: {}

  os-tmpdir@1.0.2: {}

  run-async@3.0.0: {}

  rxjs@7.8.1:
    dependencies:
      tslib: 2.6.3

  safer-buffer@2.1.2: {}

  signal-exit@4.1.0: {}

  string-width@4.2.3:
    dependencies:
      emoji-regex: 8.0.0
      is-fullwidth-code-point: 3.0.0
      strip-ansi: 6.0.1

  strip-ansi@6.0.1:
    dependencies:
      ansi-regex: 5.0.1

  tmp@0.0.33:
    dependencies:
      os-tmpdir: 1.0.2

  tslib@2.6.3: {}

  type-fest@0.21.3: {}

  typescript@5.3.3: {}

  undici-types@5.26.5: {}

  undici-types@6.13.0: {}

  wrap-ansi@6.2.0:
    dependencies:
      ansi-styles: 4.3.0
      string-width: 4.2.3
      strip-ansi: 6.0.1

  yoctocolors-cjs@2.1.2: {}
